
Microsoft Visual Studio Solution File, Format Version 12.00
# Visual Studio Version 17
VisualStudioVersion = 17.0.31717.71
MinimumVisualStudioVersion = 10.0.40219.1
Project("{FAE04EC0-301F-11D3-BF4B-00C04F79EFBC}") = "exp", "exp\exp.csproj", "{EE667A20-905E-48EB-9001-AE6ECE1EA733}"
EndProject
Project("{FAE04EC0-301F-11D3-BF4B-00C04F79EFBC}") = "exp_c", "exp_c\exp_c.csproj", "{60DC674B-D5FA-4E2F-9C40-BBC18780DEA4}"
EndProject
Global
	GlobalSection(SolutionConfigurationPlatforms) = preSolution
		Debug|Any CPU = Debug|Any CPU
		Release|Any CPU = Release|Any CPU
	EndGlobalSection
	GlobalSection(ProjectConfigurationPlatforms) = postSolution
		{EE667A20-905E-48EB-9001-AE6ECE1EA733}.Debug|Any CPU.ActiveCfg = Debug|Any CPU
		{EE667A20-905E-48EB-9001-AE6ECE1EA733}.Debug|Any CPU.Build.0 = Debug|Any CPU
		{EE667A20-905E-48EB-9001-AE6ECE1EA733}.Release|Any CPU.ActiveCfg = Release|Any CPU
		{EE667A20-905E-48EB-9001-AE6ECE1EA733}.Release|Any CPU.Build.0 = Release|Any CPU
		{60DC674B-D5FA-4E2F-9C40-BBC18780DEA4}.Debug|Any CPU.ActiveCfg = Debug|Any CPU
		{60DC674B-D5FA-4E2F-9C40-BBC18780DEA4}.Debug|Any CPU.Build.0 = Debug|Any CPU
		{60DC674B-D5FA-4E2F-9C40-BBC18780DEA4}.Release|Any CPU.ActiveCfg = Release|Any CPU
		{60DC674B-D5FA-4E2F-9C40-BBC18780DEA4}.Release|Any CPU.Build.0 = Release|Any CPU
	EndGlobalSection
	GlobalSection(SolutionProperties) = preSolution
		HideSolutionNode = FALSE
	EndGlobalSection
	GlobalSection(ExtensibilityGlobals) = postSolution
		SolutionGuid = {064D8E7E-D5E1-44C0-AC4E-A8746A0ABD14}
	EndGlobalSection
EndGlobal
